# @generated - this file is auto-generated by `mise lock` https://mise.jdx.dev/dev-tools/mise-lock.html

[[tools.claude]]
version = "2.1.245"
backend = "aqua:anthropics/claude-code"

[tools.claude."platforms.linux-arm64"]
checksum = "sha256:ec08af5c412a4456f200c20e586e0268eda62fac7952fe14ff97f0aab485c7b6"
url = "https://github.com/anthropics/claude-code/releases/download/v2.1.245/claude-linux-arm64.tar.gz"
url_api = "https://api.github.com/repos/anthropics/claude-code/releases/assets/528651264"

[tools.claude."platforms.linux-arm64-musl"]
checksum = "sha256:2cc2207284650162b3af2de129ba4eb62bc7882d637d42814a68eaab6ac965a8"
url = "https://github.com/anthropics/claude-code/releases/download/v2.1.245/claude-linux-arm64-musl.tar.gz"
url_api = "https://api.github.com/repos/anthropics/claude-code/releases/assets/528651266"

[tools.claude."platforms.linux-x64"]
checksum = "sha256:7a0875ca6f73f82ffb8cd4679bbd2771d8a397eb864dadb6e26faed2a4ebb342"
url = "https://github.com/anthropics/claude-code/releases/download/v2.1.245/claude-linux-x64.tar.gz"
url_api = "https://api.github.com/repos/anthropics/claude-code/releases/assets/528651310"

[tools.claude."platforms.linux-x64-musl"]
checksum = "sha256:5fd3e4b657f2bbef6f9dd08e92b91cb60f8074c4a3635a0774e0b7df564479c0"
url = "https://github.com/anthropics/claude-code/releases/download/v2.1.245/claude-linux-x64-musl.tar.gz"
url_api = "https://api.github.com/repos/anthropics/claude-code/releases/assets/528651260"

[tools.claude."platforms.macos-arm64"]
checksum = "sha256:53d05686bce02a96fb7912e33237cace60ec9149ad5a512ec26f1865679b16b5"
url = "https://github.com/anthropics/claude-code/releases/download/v2.1.245/claude-darwin-arm64.tar.gz"
url_api = "https://api.github.com/repos/anthropics/claude-code/releases/assets/528651261"

[tools.claude."platforms.macos-x64"]
checksum = "sha256:bcacd81dca568ae10a129e993f896f19e8b75c0016b9e130499f905e6cf99e5a"
url = "https://github.com/anthropics/claude-code/releases/download/v2.1.245/claude-darwin-x64.tar.gz"
url_api = "https://api.github.com/repos/anthropics/claude-code/releases/assets/528651259"

[tools.claude."platforms.windows-x64"]
checksum = "sha256:3b719c9dfe1887b145c6dbac7785f64e10293c8cc338e94985d29a6f4969edd8"
url = "https://github.com/anthropics/claude-code/releases/download/v2.1.245/claude-win32-x64.zip"
url_api = "https://api.github.com/repos/anthropics/claude-code/releases/assets/528651323"

[[tools.gitleaks]]
version = "8.30.1"
backend = "aqua:gitleaks/gitleaks"

[tools.gitleaks."platforms.linux-arm64"]
checksum = "sha256:e4a487ee7ccd7d3a7f7ec08657610aa3606637dab924210b3aee62570fb4b080"
url = "https://github.com/gitleaks/gitleaks/releases/download/v8.30.1/gitleaks_8.30.1_linux_arm64.tar.gz"
url_api = "https://api.github.com/repos/gitleaks/gitleaks/releases/assets/378332057"

[tools.gitleaks."platforms.linux-arm64-musl"]
checksum = "sha256:e4a487ee7ccd7d3a7f7ec08657610aa3606637dab924210b3aee62570fb4b080"
url = "https://github.com/gitleaks/gitleaks/releases/download/v8.30.1/gitleaks_8.30.1_linux_arm64.tar.gz"
url_api = "https://api.github.com/repos/gitleaks/gitleaks/releases/assets/378332057"

[tools.gitleaks."platforms.linux-x64"]
checksum = "sha256:551f6fc83ea457d62a0d98237cbad105af8d557003051f41f3e7ca7b3f2470eb"
url = "https://github.com/gitleaks/gitleaks/releases/download/v8.30.1/gitleaks_8.30.1_linux_x64.tar.gz"
url_api = "https://api.github.com/repos/gitleaks/gitleaks/releases/assets/378332058"

[tools.gitleaks."platforms.linux-x64-musl"]
checksum = "sha256:551f6fc83ea457d62a0d98237cbad105af8d557003051f41f3e7ca7b3f2470eb"
url = "https://github.com/gitleaks/gitleaks/releases/download/v8.30.1/gitleaks_8.30.1_linux_x64.tar.gz"
url_api = "https://api.github.com/repos/gitleaks/gitleaks/releases/assets/378332058"

[tools.gitleaks."platforms.macos-arm64"]
checksum = "sha256:b40ab0ae55c505963e365f271a8d3846efbc170aa17f2607f13df610a9aeb6a5"
url = "https://github.com/gitleaks/gitleaks/releases/download/v8.30.1/gitleaks_8.30.1_darwin_arm64.tar.gz"
url_api = "https://api.github.com/repos/gitleaks/gitleaks/releases/assets/378332059"

[tools.gitleaks."platforms.macos-x64"]
checksum = "sha256:dfe101a4db2255fc85120ac7f3d25e4342c3c20cf749f2c20a18081af1952709"
url = "https://github.com/gitleaks/gitleaks/releases/download/v8.30.1/gitleaks_8.30.1_darwin_x64.tar.gz"
url_api = "https://api.github.com/repos/gitleaks/gitleaks/releases/assets/378332053"

[tools.gitleaks."platforms.windows-x64"]
checksum = "sha256:d29144deff3a68aa93ced33dddf84b7fdc26070add4aa0f4513094c8332afc4e"
url = "https://github.com/gitleaks/gitleaks/releases/download/v8.30.1/gitleaks_8.30.1_windows_x64.zip"
url_api = "https://api.github.com/repos/gitleaks/gitleaks/releases/assets/378333178"

[[tools.lefthook]]
version = "2.1.11"
backend = "aqua:evilmartians/lefthook"

[tools.lefthook."platforms.linux-arm64"]
checksum = "sha256:94568fb0f7bc62eb7d7b110534f7bb01c5153551a3f364269e742fcfaa0b1c07"
url = "https://github.com/evilmartians/lefthook/releases/download/v2.1.11/lefthook_2.1.11_Linux_aarch64.gz"
url_api = "https://api.github.com/repos/evilmartians/lefthook/releases/assets/523446803"
provenance = "github-attestations"

[tools.lefthook."platforms.linux-arm64-musl"]
checksum = "sha256:94568fb0f7bc62eb7d7b110534f7bb01c5153551a3f364269e742fcfaa0b1c07"
url = "https://github.com/evilmartians/lefthook/releases/download/v2.1.11/lefthook_2.1.11_Linux_aarch64.gz"
url_api = "https://api.github.com/repos/evilmartians/lefthook/releases/assets/523446803"
provenance = "github-attestations"

[tools.lefthook."platforms.linux-x64"]
checksum = "sha256:435aff51fc767a7f135717a4e3e4f3282c15e0a4ca4e2dfd1b54ef8241ee5f3f"
url = "https://github.com/evilmartians/lefthook/releases/download/v2.1.11/lefthook_2.1.11_Linux_x86_64.gz"
url_api = "https://api.github.com/repos/evilmartians/lefthook/releases/assets/523446768"
provenance = "github-attestations"

[tools.lefthook."platforms.linux-x64-musl"]
checksum = "sha256:435aff51fc767a7f135717a4e3e4f3282c15e0a4ca4e2dfd1b54ef8241ee5f3f"
url = "https://github.com/evilmartians/lefthook/releases/download/v2.1.11/lefthook_2.1.11_Linux_x86_64.gz"
url_api = "https://api.github.com/repos/evilmartians/lefthook/releases/assets/523446768"
provenance = "github-attestations"

[tools.lefthook."platforms.macos-arm64"]
checksum = "sha256:2d2b312730f3d900354f5f0eb37abf31ff65a033021be761f25a2eb709c9cdbc"
url = "https://github.com/evilmartians/lefthook/releases/download/v2.1.11/lefthook_2.1.11_MacOS_arm64.gz"
url_api = "https://api.github.com/repos/evilmartians/lefthook/releases/assets/523446757"
provenance = "github-attestations"

[tools.lefthook."platforms.macos-x64"]
checksum = "sha256:b9ab6e5de57b1fdd1ffe77a9d57fbec34539b50481fa5c38f91f19fe5175dcc5"
url = "https://github.com/evilmartians/lefthook/releases/download/v2.1.11/lefthook_2.1.11_MacOS_x86_64.gz"
url_api = "https://api.github.com/repos/evilmartians/lefthook/releases/assets/523446802"
provenance = "github-attestations"

[tools.lefthook."platforms.windows-x64"]
checksum = "sha256:df7fb73aca464e455f66ab231965cfb15aaea4ccd45be4af4f7df908fc4077d2"
url = "https://github.com/evilmartians/lefthook/releases/download/v2.1.11/lefthook_2.1.11_Windows_x86_64.gz"
url_api = "https://api.github.com/repos/evilmartians/lefthook/releases/assets/523446762"
provenance = "github-attestations"

[[tools.node]]
version = "24.19.0"
backend = "core:node"

[tools.node."platforms.linux-arm64"]
checksum = "sha256:d28c8a5bf0a808f0ed434a1dce8c54ae98f0371c0bd86ac58abc613f73e6643f"
url = "https://nodejs.org/dist/v24.19.0/node-v24.19.0-linux-arm64.tar.gz"

[tools.node."platforms.linux-arm64-musl"]
checksum = "sha256:20824e4d35948fae5b337dccef47813b04d8995312f59df7386f2256d9f9ab7e"
url = "https://unofficial-builds.nodejs.org/download/release/v24.19.0/node-v24.19.0-linux-arm64-musl.tar.gz"

[tools.node."platforms.linux-x64"]
checksum = "sha256:f625d97cd707df4ff96254916fbc5ff014f09c09effe5a1e0ca8f6d41a8789d4"
url = "https://nodejs.org/dist/v24.19.0/node-v24.19.0-linux-x64.tar.gz"

[tools.node."platforms.linux-x64-musl"]
checksum = "sha256:c60223786df14a5d23e220ebb8e60318f5322640a62f90e6d9e54d3a18da532e"
url = "https://unofficial-builds.nodejs.org/download/release/v24.19.0/node-v24.19.0-linux-x64-musl.tar.gz"

[tools.node."platforms.macos-arm64"]
checksum = "sha256:8294b7aa9b03997481c06babf1e8b270c859358f27da57a11509afe537ac381d"
url = "https://nodejs.org/dist/v24.19.0/node-v24.19.0-darwin-arm64.tar.gz"

[tools.node."platforms.macos-x64"]
checksum = "sha256:d1b5e999db158c62fe8f7267a4476b035d8bd93b1a605bac24a3f0dd166e3316"
url = "https://nodejs.org/dist/v24.19.0/node-v24.19.0-darwin-x64.tar.gz"

[tools.node."platforms.windows-x64"]
checksum = "sha256:57f71ab3652e797d84acddc79c81cc9ff1c6ddb2a1974cdb83f00fee9bff4c73"
url = "https://nodejs.org/dist/v24.19.0/node-v24.19.0-win-x64.zip"

[[tools."npm:@playwright/cli"]]
version = "0.1.18"
backend = "npm:@playwright/cli"

[[tools."npm:ccusage"]]
version = "20.0.20"
backend = "npm:ccusage"

[[tools.pnpm]]
version = "11.24.0"
backend = "aqua:pnpm/pnpm"

[tools.pnpm."platforms.linux-arm64"]
checksum = "sha256:52f9cd410ef3bbb1cdd79c399b27772fa6d929bc3cf7c80ff3923a81e1c93be3"
url = "https://github.com/pnpm/pnpm/releases/download/v11.24.0/pnpm-linux-arm64.tar.gz"
url_api = "https://api.github.com/repos/pnpm/pnpm/releases/assets/527747053"
provenance = "github-attestations"

[tools.pnpm."platforms.linux-arm64-musl"]
checksum = "sha256:950160e3d1d039e0bd1f234da5a307fdc9c1d6b9c030683adfcb85f607c7d500"
url = "https://github.com/pnpm/pnpm/releases/download/v11.24.0/pnpm-linux-arm64-musl.tar.gz"
url_api = "https://api.github.com/repos/pnpm/pnpm/releases/assets/527747056"
provenance = "github-attestations"

[tools.pnpm."platforms.linux-x64"]
checksum = "sha256:0a9b76dedb5fe8cc5e7f3a9fd70854181cfb08a487ebaf0c9cfb044dc860936c"
url = "https://github.com/pnpm/pnpm/releases/download/v11.24.0/pnpm-linux-x64.tar.gz"
url_api = "https://api.github.com/repos/pnpm/pnpm/releases/assets/527747059"
provenance = "github-attestations"

[tools.pnpm."platforms.linux-x64-musl"]
checksum = "sha256:2fce00e10729d0c1f3836d499b908697fd3cd0832332651fbcee79c0a7442dcb"
url = "https://github.com/pnpm/pnpm/releases/download/v11.24.0/pnpm-linux-x64-musl.tar.gz"
url_api = "https://api.github.com/repos/pnpm/pnpm/releases/assets/527747057"
provenance = "github-attestations"

[tools.pnpm."platforms.macos-arm64"]
checksum = "sha256:c4df428b6c348b3037ba851359215065ce070d711dc96a9750052fdbfbe240d3"
url = "https://github.com/pnpm/pnpm/releases/download/v11.24.0/pnpm-darwin-arm64.tar.gz"
url_api = "https://api.github.com/repos/pnpm/pnpm/releases/assets/527747061"
provenance = "github-attestations"

[tools.pnpm."platforms.windows-x64"]
checksum = "sha256:c5ca642230551342a9fffafe508c181f346e2c79fcae2b1cae4c37ceb423481a"
url = "https://github.com/pnpm/pnpm/releases/download/v11.24.0/pnpm-win32-x64.zip"
url_api = "https://api.github.com/repos/pnpm/pnpm/releases/assets/527747055"
provenance = "github-attestations"
